
Microsoft Visual Studio Solution File, Format Version 12.00
# Visual Studio Version 16
VisualStudioVersion = 16.0.30011.22
MinimumVisualStudioVersion = 10.0.40219.1
Project("{FAE04EC0-301F-11D3-BF4B-00C04F79EFBC}") = "pet-portal-web", "pet-portal-web\pet-portal-web.csproj", "{34B32806-46ED-4E30-9E92-815FB2831BB0}"
EndProject
Project("{FAE04EC0-301F-11D3-BF4B-00C04F79EFBC}") = "pet-portal-web.tests", "pet-portal-web.tests\pet-portal-web.tests.csproj", "{3DC81C32-81EE-49C7-823C-3B23F572542C}"
EndProject
Global
	GlobalSection(SolutionConfigurationPlatforms) = preSolution
		Debug|Any CPU = Debug|Any CPU
		Release|Any CPU = Release|Any CPU
	EndGlobalSection
	GlobalSection(ProjectConfigurationPlatforms) = postSolution
		{34B32806-46ED-4E30-9E92-815FB2831BB0}.Debug|Any CPU.ActiveCfg = Debug|Any CPU
		{34B32806-46ED-4E30-9E92-815FB2831BB0}.Debug|Any CPU.Build.0 = Debug|Any CPU
		{34B32806-46ED-4E30-9E92-815FB2831BB0}.Release|Any CPU.ActiveCfg = Release|Any CPU
		{34B32806-46ED-4E30-9E92-815FB2831BB0}.Release|Any CPU.Build.0 = Release|Any CPU
		{3DC81C32-81EE-49C7-823C-3B23F572542C}.Debug|Any CPU.ActiveCfg = Debug|Any CPU
		{3DC81C32-81EE-49C7-823C-3B23F572542C}.Debug|Any CPU.Build.0 = Debug|Any CPU
		{3DC81C32-81EE-49C7-823C-3B23F572542C}.Release|Any CPU.ActiveCfg = Release|Any CPU
		{3DC81C32-81EE-49C7-823C-3B23F572542C}.Release|Any CPU.Build.0 = Release|Any CPU
	EndGlobalSection
	GlobalSection(SolutionProperties) = preSolution
		HideSolutionNode = FALSE
	EndGlobalSection
	GlobalSection(ExtensibilityGlobals) = postSolution
		SolutionGuid = {F53866B1-218E-407B-BA75-928F0F4E0376}
	EndGlobalSection
EndGlobal
